
Microsoft Visual Studio Solution File, Format Version 12.00
# Visual Studio 15
VisualStudioVersion = 15.0.28307.106
MinimumVisualStudioVersion = 10.0.40219.1
Project("{8BC9CEB8-8B4A-11D0-8D11-00A0C91BC942}") = "DirectX11 Engine 2019", "DirectX11 Engine 2019\DirectX11 Engine 2019.vcxitems", "{79D4268E-1245-4885-8313-6550D975A81D}"
EndProject
Project("{8BC9CEB8-8B4A-11D0-8D11-00A0C91BC942}") = "Windows", "Windows\Windows.vcxproj", "{ABED622B-2A33-4FD2-BFBF-89210C7D407F}"
EndProject
Project("{8BC9CEB8-8B4A-11D0-8D11-00A0C91BC942}") = "Shaders", "Shaders\Shaders.vcxitems", "{1B756E0E-719D-49B2-AC1D-C57C6D2780EF}"
EndProject
Project("{8BC9CEB8-8B4A-11D0-8D11-00A0C91BC942}") = "Vendor", "Vendor\Vendor.vcxitems", "{D7295C9C-105D-4960-A8CE-218B71C5AC6B}"
EndProject
Project("{8BC9CEB8-8B4A-11D0-8D11-00A0C91BC942}") = "Renderers", "Renderers\Renderers.vcxitems", "{B0BC07CB-C6FA-4A63-AD7F-5E018FAE3671}"
EndProject
Project("{8BC9CEB8-8B4A-11D0-8D11-00A0C91BC942}") = "Engine Includes", "EngineIncludes\EngineIncludes.vcxitems", "{479577C0-029A-4EA8-BBD0-53E56B3FAAA4}"
EndProject
Project("{8BC9CEB8-8B4A-11D0-8D11-00A0C91BC942}") = "Audio Engine", "Audio Engine\Audio Engine.vcxitems", "{C31EA9D9-05A8-4563-8BA6-96FF1E13A3D6}"
EndProject
Project("{8BC9CEB8-8B4A-11D0-8D11-00A0C91BC942}") = "Physics Engine", "Physics Engine\Physics Engine.vcxitems", "{2109FBF7-2188-4EB1-AA6E-4EFE3E5FE29C}"
EndProject
Project("{8BC9CEB8-8B4A-11D0-8D11-00A0C91BC942}") = "WindowsGame1", "WindowsGame1\WindowsGame1.vcxproj", "{B2535D22-E04A-4D43-97F3-F2F3C19D186F}"
EndProject
Project("{8BC9CEB8-8B4A-11D0-8D11-00A0C91BC942}") = "ParticlesTest", "ParticlesTest\ParticlesTest.vcxproj", "{74B1D08A-E23A-4D44-A5F5-D59A379373B6}"
EndProject
Project("{8BC9CEB8-8B4A-11D0-8D11-00A0C91BC942}") = "SnowTest", "SnowTest\SnowTest.vcxproj", "{168D65B6-FEFA-44F2-AC7A-051C3883C6AB}"
EndProject
Project("{8BC9CEB8-8B4A-11D0-8D11-00A0C91BC942}") = "Target_Windows", "Target_Windows\Target_Windows.vcxproj", "{080A6368-0DBF-454E-8793-1B0261D0D227}"
EndProject
Project("{8BC9CEB8-8B4A-11D0-8D11-00A0C91BC942}") = "PBRTest", "PBRTest\PBRTest.vcxproj", "{6F738453-54E0-483D-BA69-E2AE8D9DF442}"
EndProject
Global
	GlobalSection(SharedMSBuildProjectFiles) = preSolution
		Audio Engine\Audio Engine.vcxitems*{080a6368-0dbf-454e-8793-1b0261d0d227}*SharedItemsImports = 4
		DirectX11 Engine 2019\DirectX11 Engine 2019.vcxitems*{080a6368-0dbf-454e-8793-1b0261d0d227}*SharedItemsImports = 4
		EngineIncludes\EngineIncludes.vcxitems*{080a6368-0dbf-454e-8793-1b0261d0d227}*SharedItemsImports = 4
		Physics Engine\Physics Engine.vcxitems*{080a6368-0dbf-454e-8793-1b0261d0d227}*SharedItemsImports = 4
		Renderers\Renderers.vcxitems*{080a6368-0dbf-454e-8793-1b0261d0d227}*SharedItemsImports = 4
		Vendor\Vendor.vcxitems*{080a6368-0dbf-454e-8793-1b0261d0d227}*SharedItemsImports = 4
		Audio Engine\Audio Engine.vcxitems*{168d65b6-fefa-44f2-ac7a-051c3883c6ab}*SharedItemsImports = 4
		DirectX11 Engine 2019\DirectX11 Engine 2019.vcxitems*{168d65b6-fefa-44f2-ac7a-051c3883c6ab}*SharedItemsImports = 4
		EngineIncludes\EngineIncludes.vcxitems*{168d65b6-fefa-44f2-ac7a-051c3883c6ab}*SharedItemsImports = 4
		Physics Engine\Physics Engine.vcxitems*{168d65b6-fefa-44f2-ac7a-051c3883c6ab}*SharedItemsImports = 4
		Renderers\Renderers.vcxitems*{168d65b6-fefa-44f2-ac7a-051c3883c6ab}*SharedItemsImports = 4
		Shaders\Shaders.vcxitems*{168d65b6-fefa-44f2-ac7a-051c3883c6ab}*SharedItemsImports = 4
		Vendor\Vendor.vcxitems*{168d65b6-fefa-44f2-ac7a-051c3883c6ab}*SharedItemsImports = 4
		Shaders\Shaders.vcxitems*{1b756e0e-719d-49b2-ac1d-c57c6d2780ef}*SharedItemsImports = 9
		Physics Engine\Physics Engine.vcxitems*{2109fbf7-2188-4eb1-aa6e-4efe3e5fe29c}*SharedItemsImports = 9
		EngineIncludes\EngineIncludes.vcxitems*{479577c0-029a-4ea8-bbd0-53e56b3faaa4}*SharedItemsImports = 9
		Shaders\Shaders.vcxitems*{6f738453-54e0-483d-ba69-e2ae8d9df442}*SharedItemsImports = 4
		Shaders\Shaders.vcxitems*{74b1d08a-e23a-4d44-a5f5-d59a379373b6}*SharedItemsImports = 4
		DirectX11 Engine 2019\DirectX11 Engine 2019.vcxitems*{79d4268e-1245-4885-8313-6550d975a81d}*SharedItemsImports = 9
		Audio Engine\Audio Engine.vcxitems*{abed622b-2a33-4fd2-bfbf-89210c7d407f}*SharedItemsImports = 4
		DirectX11 Engine 2019\DirectX11 Engine 2019.vcxitems*{abed622b-2a33-4fd2-bfbf-89210c7d407f}*SharedItemsImports = 4
		EngineIncludes\EngineIncludes.vcxitems*{abed622b-2a33-4fd2-bfbf-89210c7d407f}*SharedItemsImports = 4
		Physics Engine\Physics Engine.vcxitems*{abed622b-2a33-4fd2-bfbf-89210c7d407f}*SharedItemsImports = 4
		Renderers\Renderers.vcxitems*{abed622b-2a33-4fd2-bfbf-89210c7d407f}*SharedItemsImports = 4
		Shaders\Shaders.vcxitems*{abed622b-2a33-4fd2-bfbf-89210c7d407f}*SharedItemsImports = 4
		Vendor\Vendor.vcxitems*{abed622b-2a33-4fd2-bfbf-89210c7d407f}*SharedItemsImports = 4
		Renderers\Renderers.vcxitems*{b0bc07cb-c6fa-4a63-ad7f-5e018fae3671}*SharedItemsImports = 9
		Audio Engine\Audio Engine.vcxitems*{b2535d22-e04a-4d43-97f3-f2f3c19d186f}*SharedItemsImports = 4
		DirectX11 Engine 2019\DirectX11 Engine 2019.vcxitems*{b2535d22-e04a-4d43-97f3-f2f3c19d186f}*SharedItemsImports = 4
		EngineIncludes\EngineIncludes.vcxitems*{b2535d22-e04a-4d43-97f3-f2f3c19d186f}*SharedItemsImports = 4
		Physics Engine\Physics Engine.vcxitems*{b2535d22-e04a-4d43-97f3-f2f3c19d186f}*SharedItemsImports = 4
		Renderers\Renderers.vcxitems*{b2535d22-e04a-4d43-97f3-f2f3c19d186f}*SharedItemsImports = 4
		Shaders\Shaders.vcxitems*{b2535d22-e04a-4d43-97f3-f2f3c19d186f}*SharedItemsImports = 4
		Vendor\Vendor.vcxitems*{b2535d22-e04a-4d43-97f3-f2f3c19d186f}*SharedItemsImports = 4
		Audio Engine\Audio Engine.vcxitems*{c31ea9d9-05a8-4563-8ba6-96ff1e13a3d6}*SharedItemsImports = 9
		Vendor\Vendor.vcxitems*{d7295c9c-105d-4960-a8ce-218b71c5ac6b}*SharedItemsImports = 9
	EndGlobalSection
	GlobalSection(SolutionConfigurationPlatforms) = preSolution
		Debug|x64 = Debug|x64
		Debug|x86 = Debug|x86
		Release|x64 = Release|x64
		Release|x86 = Release|x86
	EndGlobalSection
	GlobalSection(ProjectConfigurationPlatforms) = postSolution
		{ABED622B-2A33-4FD2-BFBF-89210C7D407F}.Debug|x64.ActiveCfg = Debug|x64
		{ABED622B-2A33-4FD2-BFBF-89210C7D407F}.Debug|x64.Build.0 = Debug|x64
		{ABED622B-2A33-4FD2-BFBF-89210C7D407F}.Debug|x86.ActiveCfg = Debug|Win32
		{ABED622B-2A33-4FD2-BFBF-89210C7D407F}.Debug|x86.Build.0 = Debug|Win32
		{ABED622B-2A33-4FD2-BFBF-89210C7D407F}.Release|x64.ActiveCfg = Release|x64
		{ABED622B-2A33-4FD2-BFBF-89210C7D407F}.Release|x64.Build.0 = Release|x64
		{ABED622B-2A33-4FD2-BFBF-89210C7D407F}.Release|x86.ActiveCfg = Release|Win32
		{ABED622B-2A33-4FD2-BFBF-89210C7D407F}.Release|x86.Build.0 = Release|Win32
		{B2535D22-E04A-4D43-97F3-F2F3C19D186F}.Debug|x64.ActiveCfg = Debug|x64
		{B2535D22-E04A-4D43-97F3-F2F3C19D186F}.Debug|x64.Build.0 = Debug|x64
		{B2535D22-E04A-4D43-97F3-F2F3C19D186F}.Debug|x86.ActiveCfg = Debug|Win32
		{B2535D22-E04A-4D43-97F3-F2F3C19D186F}.Debug|x86.Build.0 = Debug|Win32
		{B2535D22-E04A-4D43-97F3-F2F3C19D186F}.Release|x64.ActiveCfg = Release|x64
		{B2535D22-E04A-4D43-97F3-F2F3C19D186F}.Release|x64.Build.0 = Release|x64
		{B2535D22-E04A-4D43-97F3-F2F3C19D186F}.Release|x86.ActiveCfg = Release|Win32
		{B2535D22-E04A-4D43-97F3-F2F3C19D186F}.Release|x86.Build.0 = Release|Win32
		{74B1D08A-E23A-4D44-A5F5-D59A379373B6}.Debug|x64.ActiveCfg = Debug|x64
		{74B1D08A-E23A-4D44-A5F5-D59A379373B6}.Debug|x64.Build.0 = Debug|x64
		{74B1D08A-E23A-4D44-A5F5-D59A379373B6}.Debug|x86.ActiveCfg = Debug|Win32
		{74B1D08A-E23A-4D44-A5F5-D59A379373B6}.Debug|x86.Build.0 = Debug|Win32
		{74B1D08A-E23A-4D44-A5F5-D59A379373B6}.Release|x64.ActiveCfg = Release|x64
		{74B1D08A-E23A-4D44-A5F5-D59A379373B6}.Release|x64.Build.0 = Release|x64
		{74B1D08A-E23A-4D44-A5F5-D59A379373B6}.Release|x86.ActiveCfg = Release|Win32
		{74B1D08A-E23A-4D44-A5F5-D59A379373B6}.Release|x86.Build.0 = Release|Win32
		{168D65B6-FEFA-44F2-AC7A-051C3883C6AB}.Debug|x64.ActiveCfg = Debug|x64
		{168D65B6-FEFA-44F2-AC7A-051C3883C6AB}.Debug|x64.Build.0 = Debug|x64
		{168D65B6-FEFA-44F2-AC7A-051C3883C6AB}.Debug|x86.ActiveCfg = Debug|Win32
		{168D65B6-FEFA-44F2-AC7A-051C3883C6AB}.Debug|x86.Build.0 = Debug|Win32
		{168D65B6-FEFA-44F2-AC7A-051C3883C6AB}.Release|x64.ActiveCfg = Release|x64
		{168D65B6-FEFA-44F2-AC7A-051C3883C6AB}.Release|x64.Build.0 = Release|x64
		{168D65B6-FEFA-44F2-AC7A-051C3883C6AB}.Release|x86.ActiveCfg = Release|Win32
		{168D65B6-FEFA-44F2-AC7A-051C3883C6AB}.Release|x86.Build.0 = Release|Win32
		{080A6368-0DBF-454E-8793-1B0261D0D227}.Debug|x64.ActiveCfg = Debug|x64
		{080A6368-0DBF-454E-8793-1B0261D0D227}.Debug|x64.Build.0 = Debug|x64
		{080A6368-0DBF-454E-8793-1B0261D0D227}.Debug|x86.ActiveCfg = Debug|Win32
		{080A6368-0DBF-454E-8793-1B0261D0D227}.Debug|x86.Build.0 = Debug|Win32
		{080A6368-0DBF-454E-8793-1B0261D0D227}.Release|x64.ActiveCfg = Release|x64
		{080A6368-0DBF-454E-8793-1B0261D0D227}.Release|x64.Build.0 = Release|x64
		{080A6368-0DBF-454E-8793-1B0261D0D227}.Release|x86.ActiveCfg = Release|Win32
		{080A6368-0DBF-454E-8793-1B0261D0D227}.Release|x86.Build.0 = Release|Win32
		{6F738453-54E0-483D-BA69-E2AE8D9DF442}.Debug|x64.ActiveCfg = Debug|x64
		{6F738453-54E0-483D-BA69-E2AE8D9DF442}.Debug|x64.Build.0 = Debug|x64
		{6F738453-54E0-483D-BA69-E2AE8D9DF442}.Debug|x86.ActiveCfg = Debug|Win32
		{6F738453-54E0-483D-BA69-E2AE8D9DF442}.Debug|x86.Build.0 = Debug|Win32
		{6F738453-54E0-483D-BA69-E2AE8D9DF442}.Release|x64.ActiveCfg = Release|x64
		{6F738453-54E0-483D-BA69-E2AE8D9DF442}.Release|x64.Build.0 = Release|x64
		{6F738453-54E0-483D-BA69-E2AE8D9DF442}.Release|x86.ActiveCfg = Release|Win32
		{6F738453-54E0-483D-BA69-E2AE8D9DF442}.Release|x86.Build.0 = Release|Win32
	EndGlobalSection
	GlobalSection(SolutionProperties) = preSolution
		HideSolutionNode = FALSE
	EndGlobalSection
	GlobalSection(ExtensibilityGlobals) = postSolution
		SolutionGuid = {EE1C68FA-CDC5-49A1-8A12-88CB8ED2B0CE}
	EndGlobalSection
EndGlobal
