<?xml version="1.0" encoding="utf-8"?>
<Project ToolsVersion="4.0" xmlns="http://schemas.microsoft.com/developer/msbuild/2003">
  <ItemGroup>
    <ClInclude Include="$(MSBuildThisFileDirectory)Engine Includes\EngineDirectories.h" />
    <ClInclude Include="$(MSBuildThisFileDirectory)Engine Includes\MainInclude.h" />
    <ClInclude Include="$(MSBuildThisFileDirectory)Engine Includes\Ansel.h" />
    <ClInclude Include="$(MSBuildThisFileDirectory)Engine Includes\Audio.h" />
    <ClInclude Include="$(MSBuildThisFileDirectory)Engine Includes\Core.h" />
    <ClInclude Include="$(MSBuildThisFileDirectory)Engine Includes\HBAOPlus.h" />
    <ClInclude Include="$(MSBuildThisFileDirectory)Engine Includes\ImGui.h" />
    <ClInclude Include="$(MSBuildThisFileDirectory)Engine Includes\Models.h" />
    <ClInclude Include="$(MSBuildThisFileDirectory)Engine Includes\Physics.h" />
    <ClInclude Include="$(MSBuildThisFileDirectory)Engine Includes\RenderBuffers.h" />
    <ClInclude Include="$(MSBuildThisFileDirectory)Engine Includes\Textures.h" />
    <ClInclude Include="$(MSBuildThisFileDirectory)Engine Includes\Text.h" />
    <ClInclude Include="$(MSBuildThisFileDirectory)Engine Includes\Types.h" />
  </ItemGroup>
</Project>